// !$*UTF8*$!
{
	archiveVersion = 1;
	classes = {
	};
	objectVersion = 56;
	objects = {

/* Begin PBXBuildFile section */
		B80A766E2C0A3B8300320BED /* LoginView.swift in Sources */ = {isa = PBXBuildFile; fileRef = B80A766D2C0A3B8300320BED /* LoginView.swift */; };
		B80A76702C0AD28000320BED /* MakeNicknameModalViewController.swift in Sources */ = {isa = PBXBuildFile; fileRef = B80A766F2C0AD28000320BED /* MakeNicknameModalViewController.swift */; };
		B8412DAA2C123B4D004383DB /* LoginViewModel.swift in Sources */ = {isa = PBXBuildFile; fileRef = B8412DA92C123B4D004383DB /* LoginViewModel.swift */; };
		B84D58E42C120B0C009FC91A /* WelcomeView.swift in Sources */ = {isa = PBXBuildFile; fileRef = B84D58E32C120B0C009FC91A /* WelcomeView.swift */; };
		B84D58E92C1210EB009FC91A /* UIView+.swift in Sources */ = {isa = PBXBuildFile; fileRef = B84D58E82C1210EB009FC91A /* UIView+.swift */; };
		B863C44A2C0EC57F003DEE75 /* MakeNicknameView.swift in Sources */ = {isa = PBXBuildFile; fileRef = B863C4492C0EC57F003DEE75 /* MakeNicknameView.swift */; };
		B87E7EE12BED2B91002D795D /* WeeklyBoxOfficeView.swift in Sources */ = {isa = PBXBuildFile; fileRef = B87E7EE02BED2B91002D795D /* WeeklyBoxOfficeView.swift */; };
		B87E7EE52BED4090002D795D /* WeeklyBoxOfficeCollectionViewCell.swift in Sources */ = {isa = PBXBuildFile; fileRef = B87E7EE42BED4090002D795D /* WeeklyBoxOfficeCollectionViewCell.swift */; };
		B87E7EE92BED41A9002D795D /* MoyaLoggingPlugin.swift in Sources */ = {isa = PBXBuildFile; fileRef = B87E7EE82BED41A9002D795D /* MoyaLoggingPlugin.swift */; };
		B87E7EEB2BED41CC002D795D /* NetworkResult.swift in Sources */ = {isa = PBXBuildFile; fileRef = B87E7EEA2BED41CC002D795D /* NetworkResult.swift */; };
		B87E7EED2BED41E1002D795D /* Config.swift in Sources */ = {isa = PBXBuildFile; fileRef = B87E7EEC2BED41E1002D795D /* Config.swift */; };
		B87E7EF02BED4388002D795D /* MovieInfoResponseModel.swift in Sources */ = {isa = PBXBuildFile; fileRef = B87E7EEF2BED4388002D795D /* MovieInfoResponseModel.swift */; };
		B87E7EF22BED43A3002D795D /* MovieInfoRequestModel.swift in Sources */ = {isa = PBXBuildFile; fileRef = B87E7EF12BED43A3002D795D /* MovieInfoRequestModel.swift */; };
		B87E7EF42BED46BB002D795D /* AddTargetType.swift in Sources */ = {isa = PBXBuildFile; fileRef = B87E7EF32BED46BB002D795D /* AddTargetType.swift */; };
		B87E7EF62BED46D4002D795D /* MovieService.swift in Sources */ = {isa = PBXBuildFile; fileRef = B87E7EF52BED46D4002D795D /* MovieService.swift */; };
		B87E7EF92BED53EA002D795D /* WeeklyBoxOfficeViewController.swift in Sources */ = {isa = PBXBuildFile; fileRef = B87E7EF82BED53EA002D795D /* WeeklyBoxOfficeViewController.swift */; };
		B886F2442BE146240011567B /* MainViewController.swift in Sources */ = {isa = PBXBuildFile; fileRef = B886F2432BE146240011567B /* MainViewController.swift */; };
		B886F2482BE1463C0011567B /* MainCollectionViewCell.swift in Sources */ = {isa = PBXBuildFile; fileRef = B886F2452BE1463C0011567B /* MainCollectionViewCell.swift */; };
		B886F2492BE1463C0011567B /* PopularLiveChannelCollectionViewCell.swift in Sources */ = {isa = PBXBuildFile; fileRef = B886F2462BE1463C0011567B /* PopularLiveChannelCollectionViewCell.swift */; };
		B886F24A2BE1463C0011567B /* RecommandCollectionViewCell.swift in Sources */ = {isa = PBXBuildFile; fileRef = B886F2472BE1463C0011567B /* RecommandCollectionViewCell.swift */; };
		B886F24C2BE146400011567B /* HomeViewHeaderCell.swift in Sources */ = {isa = PBXBuildFile; fileRef = B886F24B2BE146400011567B /* HomeViewHeaderCell.swift */; };
		B886F24F2BE146470011567B /* HomeView.swift in Sources */ = {isa = PBXBuildFile; fileRef = B886F24D2BE146470011567B /* HomeView.swift */; };
		B886F2502BE146470011567B /* LogoView.swift in Sources */ = {isa = PBXBuildFile; fileRef = B886F24E2BE146470011567B /* LogoView.swift */; };
		B886F2522BE1464C0011567B /* HomeModel.swift in Sources */ = {isa = PBXBuildFile; fileRef = B886F2512BE1464C0011567B /* HomeModel.swift */; };
		B886F25B2BE146F80011567B /* Then in Frameworks */ = {isa = PBXBuildFile; productRef = B886F25A2BE146F80011567B /* Then */; };
		B886F25E2BE1470D0011567B /* Moya in Frameworks */ = {isa = PBXBuildFile; productRef = B886F25D2BE1470D0011567B /* Moya */; };
		B886F2602BE14D350011567B /* className.swift in Sources */ = {isa = PBXBuildFile; fileRef = B886F25F2BE14D350011567B /* className.swift */; };
		B8A05C632BC700D500607CDA /* AppDelegate.swift in Sources */ = {isa = PBXBuildFile; fileRef = B8A05C622BC700D500607CDA /* AppDelegate.swift */; };
		B8A05C652BC700D500607CDA /* SceneDelegate.swift in Sources */ = {isa = PBXBuildFile; fileRef = B8A05C642BC700D500607CDA /* SceneDelegate.swift */; };
		B8A05C672BC700D500607CDA /* ViewController.swift in Sources */ = {isa = PBXBuildFile; fileRef = B8A05C662BC700D500607CDA /* ViewController.swift */; };
		B8A05C6A2BC700D500607CDA /* Base in Resources */ = {isa = PBXBuildFile; fileRef = B8A05C692BC700D500607CDA /* Base */; };
		B8A05C6C2BC700D600607CDA /* Assets.xcassets in Resources */ = {isa = PBXBuildFile; fileRef = B8A05C6B2BC700D600607CDA /* Assets.xcassets */; };
		B8A05C6F2BC700D600607CDA /* Base in Resources */ = {isa = PBXBuildFile; fileRef = B8A05C6E2BC700D600607CDA /* Base */; };
		B8A05C772BC7016000607CDA /* LoginViewController.swift in Sources */ = {isa = PBXBuildFile; fileRef = B8A05C762BC7016000607CDA /* LoginViewController.swift */; };
		B8A05C7A2BC706E200607CDA /* SnapKit in Frameworks */ = {isa = PBXBuildFile; productRef = B8A05C792BC706E200607CDA /* SnapKit */; };
		B8A05C7C2BC706E200607CDA /* SnapKit-Dynamic in Frameworks */ = {isa = PBXBuildFile; productRef = B8A05C7B2BC706E200607CDA /* SnapKit-Dynamic */; };
		B8A5888B2BCA6E6F00E2D7B0 /* WelcomeViewController.swift in Sources */ = {isa = PBXBuildFile; fileRef = B8A5888A2BCA6E6F00E2D7B0 /* WelcomeViewController.swift */; };
		B8A588952BCA795100E2D7B0 /* Pretendard-ExtraLight.otf in Resources */ = {isa = PBXBuildFile; fileRef = B8A5888C2BCA795100E2D7B0 /* Pretendard-ExtraLight.otf */; };
		B8A588962BCA795100E2D7B0 /* Pretendard-Light.otf in Resources */ = {isa = PBXBuildFile; fileRef = B8A5888D2BCA795100E2D7B0 /* Pretendard-Light.otf */; };
		B8A588972BCA795100E2D7B0 /* Pretendard-Bold.otf in Resources */ = {isa = PBXBuildFile; fileRef = B8A5888E2BCA795100E2D7B0 /* Pretendard-Bold.otf */; };
		B8A588982BCA795100E2D7B0 /* Pretendard-ExtraBold.otf in Resources */ = {isa = PBXBuildFile; fileRef = B8A5888F2BCA795100E2D7B0 /* Pretendard-ExtraBold.otf */; };
		B8A588992BCA795100E2D7B0 /* Pretendard-Regular.otf in Resources */ = {isa = PBXBuildFile; fileRef = B8A588902BCA795100E2D7B0 /* Pretendard-Regular.otf */; };
		B8A5889A2BCA795100E2D7B0 /* Pretendard-SemiBold.otf in Resources */ = {isa = PBXBuildFile; fileRef = B8A588912BCA795100E2D7B0 /* Pretendard-SemiBold.otf */; };
		B8A5889B2BCA795100E2D7B0 /* Pretendard-Thin.otf in Resources */ = {isa = PBXBuildFile; fileRef = B8A588922BCA795100E2D7B0 /* Pretendard-Thin.otf */; };
		B8A5889C2BCA795100E2D7B0 /* Pretendard-Medium.otf in Resources */ = {isa = PBXBuildFile; fileRef = B8A588932BCA795100E2D7B0 /* Pretendard-Medium.otf */; };
		B8A5889D2BCA795100E2D7B0 /* Pretendard-Black.otf in Resources */ = {isa = PBXBuildFile; fileRef = B8A588942BCA795100E2D7B0 /* Pretendard-Black.otf */; };
/* End PBXBuildFile section */

/* Begin PBXFileReference section */
		B80A766D2C0A3B8300320BED /* LoginView.swift */ = {isa = PBXFileReference; lastKnownFileType = sourcecode.swift; path = LoginView.swift; sourceTree = "<group>"; };
		B80A766F2C0AD28000320BED /* MakeNicknameModalViewController.swift */ = {isa = PBXFileReference; lastKnownFileType = sourcecode.swift; path = MakeNicknameModalViewController.swift; sourceTree = "<group>"; };
		B8412DA92C123B4D004383DB /* LoginViewModel.swift */ = {isa = PBXFileReference; lastKnownFileType = sourcecode.swift; path = LoginViewModel.swift; sourceTree = "<group>"; };
		B84D58E32C120B0C009FC91A /* WelcomeView.swift */ = {isa = PBXFileReference; lastKnownFileType = sourcecode.swift; path = WelcomeView.swift; sourceTree = "<group>"; };
		B84D58E82C1210EB009FC91A /* UIView+.swift */ = {isa = PBXFileReference; lastKnownFileType = sourcecode.swift; path = "UIView+.swift"; sourceTree = "<group>"; };
		B863C4492C0EC57F003DEE75 /* MakeNicknameView.swift */ = {isa = PBXFileReference; lastKnownFileType = sourcecode.swift; path = MakeNicknameView.swift; sourceTree = "<group>"; };
		B87E7EE02BED2B91002D795D /* WeeklyBoxOfficeView.swift */ = {isa = PBXFileReference; lastKnownFileType = sourcecode.swift; path = WeeklyBoxOfficeView.swift; sourceTree = "<group>"; };
		B87E7EE42BED4090002D795D /* WeeklyBoxOfficeCollectionViewCell.swift */ = {isa = PBXFileReference; lastKnownFileType = sourcecode.swift; path = WeeklyBoxOfficeCollectionViewCell.swift; sourceTree = "<group>"; };
		B87E7EE82BED41A9002D795D /* MoyaLoggingPlugin.swift */ = {isa = PBXFileReference; lastKnownFileType = sourcecode.swift; path = MoyaLoggingPlugin.swift; sourceTree = "<group>"; };
		B87E7EEA2BED41CC002D795D /* NetworkResult.swift */ = {isa = PBXFileReference; lastKnownFileType = sourcecode.swift; path = NetworkResult.swift; sourceTree = "<group>"; };
		B87E7EEC2BED41E1002D795D /* Config.swift */ = {isa = PBXFileReference; lastKnownFileType = sourcecode.swift; path = Config.swift; sourceTree = "<group>"; };
		B87E7EEF2BED4388002D795D /* MovieInfoResponseModel.swift */ = {isa = PBXFileReference; lastKnownFileType = sourcecode.swift; path = MovieInfoResponseModel.swift; sourceTree = "<group>"; };
		B87E7EF12BED43A3002D795D /* MovieInfoRequestModel.swift */ = {isa = PBXFileReference; lastKnownFileType = sourcecode.swift; path = MovieInfoRequestModel.swift; sourceTree = "<group>"; };
		B87E7EF32BED46BB002D795D /* AddTargetType.swift */ = {isa = PBXFileReference; lastKnownFileType = sourcecode.swift; path = AddTargetType.swift; sourceTree = "<group>"; };
		B87E7EF52BED46D4002D795D /* MovieService.swift */ = {isa = PBXFileReference; lastKnownFileType = sourcecode.swift; path = MovieService.swift; sourceTree = "<group>"; };
		B87E7EF82BED53EA002D795D /* WeeklyBoxOfficeViewController.swift */ = {isa = PBXFileReference; lastKnownFileType = sourcecode.swift; path = WeeklyBoxOfficeViewController.swift; sourceTree = "<group>"; };
		B886F2432BE146240011567B /* MainViewController.swift */ = {isa = PBXFileReference; fileEncoding = 4; lastKnownFileType = sourcecode.swift; path = MainViewController.swift; sourceTree = "<group>"; };
		B886F2452BE1463C0011567B /* MainCollectionViewCell.swift */ = {isa = PBXFileReference; fileEncoding = 4; lastKnownFileType = sourcecode.swift; path = MainCollectionViewCell.swift; sourceTree = "<group>"; };
		B886F2462BE1463C0011567B /* PopularLiveChannelCollectionViewCell.swift */ = {isa = PBXFileReference; fileEncoding = 4; lastKnownFileType = sourcecode.swift; path = PopularLiveChannelCollectionViewCell.swift; sourceTree = "<group>"; };
		B886F2472BE1463C0011567B /* RecommandCollectionViewCell.swift */ = {isa = PBXFileReference; fileEncoding = 4; lastKnownFileType = sourcecode.swift; path = RecommandCollectionViewCell.swift; sourceTree = "<group>"; };
		B886F24B2BE146400011567B /* HomeViewHeaderCell.swift */ = {isa = PBXFileReference; fileEncoding = 4; lastKnownFileType = sourcecode.swift; path = HomeViewHeaderCell.swift; sourceTree = "<group>"; };
		B886F24D2BE146470011567B /* HomeView.swift */ = {isa = PBXFileReference; fileEncoding = 4; lastKnownFileType = sourcecode.swift; path = HomeView.swift; sourceTree = "<group>"; };
		B886F24E2BE146470011567B /* LogoView.swift */ = {isa = PBXFileReference; fileEncoding = 4; lastKnownFileType = sourcecode.swift; path = LogoView.swift; sourceTree = "<group>"; };
		B886F2512BE1464C0011567B /* HomeModel.swift */ = {isa = PBXFileReference; fileEncoding = 4; lastKnownFileType = sourcecode.swift; path = HomeModel.swift; sourceTree = "<group>"; };
		B886F25F2BE14D350011567B /* className.swift */ = {isa = PBXFileReference; lastKnownFileType = sourcecode.swift; path = className.swift; sourceTree = "<group>"; };
		B8A05C5F2BC700D500607CDA /* SOPT-Assignment-Tving.app */ = {isa = PBXFileReference; explicitFileType = wrapper.application; includeInIndex = 0; path = "SOPT-Assignment-Tving.app"; sourceTree = BUILT_PRODUCTS_DIR; };
		B8A05C622BC700D500607CDA /* AppDelegate.swift */ = {isa = PBXFileReference; lastKnownFileType = sourcecode.swift; path = AppDelegate.swift; sourceTree = "<group>"; };
		B8A05C642BC700D500607CDA /* SceneDelegate.swift */ = {isa = PBXFileReference; lastKnownFileType = sourcecode.swift; path = SceneDelegate.swift; sourceTree = "<group>"; };
		B8A05C662BC700D500607CDA /* ViewController.swift */ = {isa = PBXFileReference; lastKnownFileType = sourcecode.swift; path = ViewController.swift; sourceTree = "<group>"; };
		B8A05C692BC700D500607CDA /* Base */ = {isa = PBXFileReference; lastKnownFileType = file.storyboard; name = Base; path = Base.lproj/Main.storyboard; sourceTree = "<group>"; };
		B8A05C6B2BC700D600607CDA /* Assets.xcassets */ = {isa = PBXFileReference; lastKnownFileType = folder.assetcatalog; path = Assets.xcassets; sourceTree = "<group>"; };
		B8A05C6E2BC700D600607CDA /* Base */ = {isa = PBXFileReference; lastKnownFileType = file.storyboard; name = Base; path = Base.lproj/LaunchScreen.storyboard; sourceTree = "<group>"; };
		B8A05C702BC700D600607CDA /* Info.plist */ = {isa = PBXFileReference; lastKnownFileType = text.plist.xml; path = Info.plist; sourceTree = "<group>"; };
		B8A05C762BC7016000607CDA /* LoginViewController.swift */ = {isa = PBXFileReference; lastKnownFileType = sourcecode.swift; path = LoginViewController.swift; sourceTree = "<group>"; };
		B8A5888A2BCA6E6F00E2D7B0 /* WelcomeViewController.swift */ = {isa = PBXFileReference; lastKnownFileType = sourcecode.swift; path = WelcomeViewController.swift; sourceTree = "<group>"; };
		B8A5888C2BCA795100E2D7B0 /* Pretendard-ExtraLight.otf */ = {isa = PBXFileReference; lastKnownFileType = file; path = "Pretendard-ExtraLight.otf"; sourceTree = "<group>"; };
		B8A5888D2BCA795100E2D7B0 /* Pretendard-Light.otf */ = {isa = PBXFileReference; lastKnownFileType = file; path = "Pretendard-Light.otf"; sourceTree = "<group>"; };
		B8A5888E2BCA795100E2D7B0 /* Pretendard-Bold.otf */ = {isa = PBXFileReference; lastKnownFileType = file; path = "Pretendard-Bold.otf"; sourceTree = "<group>"; };
		B8A5888F2BCA795100E2D7B0 /* Pretendard-ExtraBold.otf */ = {isa = PBXFileReference; lastKnownFileType = file; path = "Pretendard-ExtraBold.otf"; sourceTree = "<group>"; };
		B8A588902BCA795100E2D7B0 /* Pretendard-Regular.otf */ = {isa = PBXFileReference; lastKnownFileType = file; path = "Pretendard-Regular.otf"; sourceTree = "<group>"; };
		B8A588912BCA795100E2D7B0 /* Pretendard-SemiBold.otf */ = {isa = PBXFileReference; lastKnownFileType = file; path = "Pretendard-SemiBold.otf"; sourceTree = "<group>"; };
		B8A588922BCA795100E2D7B0 /* Pretendard-Thin.otf */ = {isa = PBXFileReference; lastKnownFileType = file; path = "Pretendard-Thin.otf"; sourceTree = "<group>"; };
		B8A588932BCA795100E2D7B0 /* Pretendard-Medium.otf */ = {isa = PBXFileReference; lastKnownFileType = file; path = "Pretendard-Medium.otf"; sourceTree = "<group>"; };
		B8A588942BCA795100E2D7B0 /* Pretendard-Black.otf */ = {isa = PBXFileReference; lastKnownFileType = file; path = "Pretendard-Black.otf"; sourceTree = "<group>"; };
/* End PBXFileReference section */

/* Begin PBXFrameworksBuildPhase section */
		B8A05C5C2BC700D500607CDA /* Frameworks */ = {
			isa = PBXFrameworksBuildPhase;
			buildActionMask = 2147483647;
			files = (
				B8A05C7A2BC706E200607CDA /* SnapKit in Frameworks */,
				B886F25B2BE146F80011567B /* Then in Frameworks */,
				B886F25E2BE1470D0011567B /* Moya in Frameworks */,
				B8A05C7C2BC706E200607CDA /* SnapKit-Dynamic in Frameworks */,
			);
			runOnlyForDeploymentPostprocessing = 0;
		};
/* End PBXFrameworksBuildPhase section */

/* Begin PBXGroup section */
		B84D58E52C120B4C009FC91A /* Login */ = {
			isa = PBXGroup;
			children = (
				B80A766D2C0A3B8300320BED /* LoginView.swift */,
				B8A05C762BC7016000607CDA /* LoginViewController.swift */,
				B8412DA92C123B4D004383DB /* LoginViewModel.swift */,
			);
			path = Login;
			sourceTree = "<group>";
		};
		B84D58E62C120B6A009FC91A /* Welcome */ = {
			isa = PBXGroup;
			children = (
				B84D58E32C120B0C009FC91A /* WelcomeView.swift */,
				B8A5888A2BCA6E6F00E2D7B0 /* WelcomeViewController.swift */,
			);
			path = Welcome;
			sourceTree = "<group>";
		};
		B84D58EA2C1213F4009FC91A /* Main */ = {
			isa = PBXGroup;
			children = (
				B886F2432BE146240011567B /* MainViewController.swift */,
				B886F24E2BE146470011567B /* LogoView.swift */,
				B886F24D2BE146470011567B /* HomeView.swift */,
			);
			path = Main;
			sourceTree = "<group>";
		};
		B84D58ED2C121602009FC91A /* Network */ = {
			isa = PBXGroup;
			children = (
				B87E7EE72BED40E2002D795D /* NetworkBasicCodes */,
				B87E7EEE2BED435F002D795D /* PatchMovieInfo */,
			);
			path = Network;
			sourceTree = "<group>";
		};
		B84D58EE2C12164C009FC91A /* WeeklyBoxOffice */ = {
			isa = PBXGroup;
			children = (
				B87E7EE02BED2B91002D795D /* WeeklyBoxOfficeView.swift */,
				B87E7EF82BED53EA002D795D /* WeeklyBoxOfficeViewController.swift */,
			);
			path = WeeklyBoxOffice;
			sourceTree = "<group>";
		};
		B84D58EF2C12166C009FC91A /* Modal */ = {
			isa = PBXGroup;
			children = (
				B863C4492C0EC57F003DEE75 /* MakeNicknameView.swift */,
				B80A766F2C0AD28000320BED /* MakeNicknameModalViewController.swift */,
			);
			path = Modal;
			sourceTree = "<group>";
		};
		B87E7EE22BED3B1E002D795D /* WeeklyBoxOfficeCell */ = {
			isa = PBXGroup;
			children = (
				B87E7EE42BED4090002D795D /* WeeklyBoxOfficeCollectionViewCell.swift */,
			);
			path = WeeklyBoxOfficeCell;
			sourceTree = "<group>";
		};
		B87E7EE62BED40B4002D795D /* BasicCodes */ = {
			isa = PBXGroup;
			children = (
				B8A05C622BC700D500607CDA /* AppDelegate.swift */,
				B8A05C642BC700D500607CDA /* SceneDelegate.swift */,
				B8A05C662BC700D500607CDA /* ViewController.swift */,
				B8A05C682BC700D500607CDA /* Main.storyboard */,
				B8A05C6D2BC700D600607CDA /* LaunchScreen.storyboard */,
			);
			path = BasicCodes;
			sourceTree = "<group>";
		};
		B87E7EE72BED40E2002D795D /* NetworkBasicCodes */ = {
			isa = PBXGroup;
			children = (
				B87E7EE82BED41A9002D795D /* MoyaLoggingPlugin.swift */,
				B87E7EEA2BED41CC002D795D /* NetworkResult.swift */,
				B87E7EEC2BED41E1002D795D /* Config.swift */,
			);
			path = NetworkBasicCodes;
			sourceTree = "<group>";
		};
		B87E7EEE2BED435F002D795D /* PatchMovieInfo */ = {
			isa = PBXGroup;
			children = (
				B87E7EEF2BED4388002D795D /* MovieInfoResponseModel.swift */,
				B87E7EF12BED43A3002D795D /* MovieInfoRequestModel.swift */,
				B87E7EF32BED46BB002D795D /* AddTargetType.swift */,
				B87E7EF52BED46D4002D795D /* MovieService.swift */,
			);
			path = PatchMovieInfo;
			sourceTree = "<group>";
		};
		B886F2532BE146550011567B /* Cells */ = {
			isa = PBXGroup;
			children = (
				B87E7EE22BED3B1E002D795D /* WeeklyBoxOfficeCell */,
				B886F2552BE1468D0011567B /* HeaderCells */,
				B886F2452BE1463C0011567B /* MainCollectionViewCell.swift */,
				B886F2472BE1463C0011567B /* RecommandCollectionViewCell.swift */,
				B886F2462BE1463C0011567B /* PopularLiveChannelCollectionViewCell.swift */,
			);
			path = Cells;
			sourceTree = "<group>";
		};
		B886F2552BE1468D0011567B /* HeaderCells */ = {
			isa = PBXGroup;
			children = (
				B886F24B2BE146400011567B /* HomeViewHeaderCell.swift */,
			);
			path = HeaderCells;
			sourceTree = "<group>";
		};
		B886F2572BE146AC0011567B /* Model */ = {
			isa = PBXGroup;
			children = (
				B886F2512BE1464C0011567B /* HomeModel.swift */,
			);
			path = Model;
			sourceTree = "<group>";
		};
		B886F2582BE146C80011567B /* Extensions */ = {
			isa = PBXGroup;
			children = (
				B886F25F2BE14D350011567B /* className.swift */,
				B84D58E82C1210EB009FC91A /* UIView+.swift */,
			);
			path = Extensions;
			sourceTree = "<group>";
		};
		B8A05C562BC700D500607CDA = {
			isa = PBXGroup;
			children = (
				B8A5889E2BCA795600E2D7B0 /* Fonts */,
				B8A05C612BC700D500607CDA /* Sopt-Assignment */,
				B8A05C602BC700D500607CDA /* Products */,
			);
			sourceTree = "<group>";
		};
		B8A05C602BC700D500607CDA /* Products */ = {
			isa = PBXGroup;
			children = (
				B8A05C5F2BC700D500607CDA /* SOPT-Assignment-Tving.app */,
			);
			name = Products;
			sourceTree = "<group>";
		};
		B8A05C612BC700D500607CDA /* Sopt-Assignment */ = {
			isa = PBXGroup;
			children = (
				B87E7EE62BED40B4002D795D /* BasicCodes */,
				B886F2582BE146C80011567B /* Extensions */,
				B886F2572BE146AC0011567B /* Model */,
				B84D58ED2C121602009FC91A /* Network */,
				B84D58E52C120B4C009FC91A /* Login */,
				B84D58E62C120B6A009FC91A /* Welcome */,
				B84D58EA2C1213F4009FC91A /* Main */,
				B84D58EE2C12164C009FC91A /* WeeklyBoxOffice */,
				B84D58EF2C12166C009FC91A /* Modal */,
				B886F2532BE146550011567B /* Cells */,
				B8A05C702BC700D600607CDA /* Info.plist */,
				B8A05C6B2BC700D600607CDA /* Assets.xcassets */,
			);
			path = "Sopt-Assignment";
			sourceTree = "<group>";
		};
		B8A5889E2BCA795600E2D7B0 /* Fonts */ = {
			isa = PBXGroup;
			children = (
				B8A588942BCA795100E2D7B0 /* Pretendard-Black.otf */,
				B8A5888E2BCA795100E2D7B0 /* Pretendard-Bold.otf */,
				B8A5888F2BCA795100E2D7B0 /* Pretendard-ExtraBold.otf */,
				B8A5888C2BCA795100E2D7B0 /* Pretendard-ExtraLight.otf */,
				B8A5888D2BCA795100E2D7B0 /* Pretendard-Light.otf */,
				B8A588932BCA795100E2D7B0 /* Pretendard-Medium.otf */,
				B8A588902BCA795100E2D7B0 /* Pretendard-Regular.otf */,
				B8A588912BCA795100E2D7B0 /* Pretendard-SemiBold.otf */,
				B8A588922BCA795100E2D7B0 /* Pretendard-Thin.otf */,
			);
			path = Fonts;
			sourceTree = "<group>";
		};
/* End PBXGroup section */

/* Begin PBXNativeTarget section */
		B8A05C5E2BC700D500607CDA /* SOPT-Assignment-Tving */ = {
			isa = PBXNativeTarget;
			buildConfigurationList = B8A05C732BC700D600607CDA /* Build configuration list for PBXNativeTarget "SOPT-Assignment-Tving" */;
			buildPhases = (
				B8A05C5B2BC700D500607CDA /* Sources */,
				B8A05C5C2BC700D500607CDA /* Frameworks */,
				B8A05C5D2BC700D500607CDA /* Resources */,
			);
			buildRules = (
			);
			dependencies = (
			);
			name = "SOPT-Assignment-Tving";
			packageProductDependencies = (
				B8A05C792BC706E200607CDA /* SnapKit */,
				B8A05C7B2BC706E200607CDA /* SnapKit-Dynamic */,
				B886F25A2BE146F80011567B /* Then */,
				B886F25D2BE1470D0011567B /* Moya */,
			);
			productName = "Week2-Assignment-Tving";
			productReference = B8A05C5F2BC700D500607CDA /* SOPT-Assignment-Tving.app */;
			productType = "com.apple.product-type.application";
		};
/* End PBXNativeTarget section */

/* Begin PBXProject section */
		B8A05C572BC700D500607CDA /* Project object */ = {
			isa = PBXProject;
			attributes = {
				BuildIndependentTargetsInParallel = 1;
				LastSwiftUpdateCheck = 1530;
				LastUpgradeCheck = 1530;
				TargetAttributes = {
					B8A05C5E2BC700D500607CDA = {
						CreatedOnToolsVersion = 15.3;
					};
				};
			};
			buildConfigurationList = B8A05C5A2BC700D500607CDA /* Build configuration list for PBXProject "SOPT-Assignment-Tving" */;
			compatibilityVersion = "Xcode 14.0";
			developmentRegion = en;
			hasScannedForEncodings = 0;
			knownRegions = (
				en,
				Base,
			);
			mainGroup = B8A05C562BC700D500607CDA;
			packageReferences = (
				B8A05C782BC706E200607CDA /* XCRemoteSwiftPackageReference "SnapKit" */,
				B886F2592BE146F80011567B /* XCRemoteSwiftPackageReference "Then" */,
				B886F25C2BE1470D0011567B /* XCRemoteSwiftPackageReference "Moya" */,
			);
			productRefGroup = B8A05C602BC700D500607CDA /* Products */;
			projectDirPath = "";
			projectRoot = "";
			targets = (
				B8A05C5E2BC700D500607CDA /* SOPT-Assignment-Tving */,
			);
		};
/* End PBXProject section */

/* Begin PBXResourcesBuildPhase section */
		B8A05C5D2BC700D500607CDA /* Resources */ = {
			isa = PBXResourcesBuildPhase;
			buildActionMask = 2147483647;
			files = (
				B8A05C6C2BC700D600607CDA /* Assets.xcassets in Resources */,
				B8A5889B2BCA795100E2D7B0 /* Pretendard-Thin.otf in Resources */,
				B8A588972BCA795100E2D7B0 /* Pretendard-Bold.otf in Resources */,
				B8A588982BCA795100E2D7B0 /* Pretendard-ExtraBold.otf in Resources */,
				B8A05C6F2BC700D600607CDA /* Base in Resources */,
				B8A588952BCA795100E2D7B0 /* Pretendard-ExtraLight.otf in Resources */,
				B8A588992BCA795100E2D7B0 /* Pretendard-Regular.otf in Resources */,
				B8A5889A2BCA795100E2D7B0 /* Pretendard-SemiBold.otf in Resources */,
				B8A588962BCA795100E2D7B0 /* Pretendard-Light.otf in Resources */,
				B8A05C6A2BC700D500607CDA /* Base in Resources */,
				B8A5889D2BCA795100E2D7B0 /* Pretendard-Black.otf in Resources */,
				B8A5889C2BCA795100E2D7B0 /* Pretendard-Medium.otf in Resources */,
			);
			runOnlyForDeploymentPostprocessing = 0;
		};
/* End PBXResourcesBuildPhase section */

/* Begin PBXSourcesBuildPhase section */
		B8A05C5B2BC700D500607CDA /* Sources */ = {
			isa = PBXSourcesBuildPhase;
			buildActionMask = 2147483647;
			files = (
				B87E7EE92BED41A9002D795D /* MoyaLoggingPlugin.swift in Sources */,
				B886F2442BE146240011567B /* MainViewController.swift in Sources */,
				B886F2492BE1463C0011567B /* PopularLiveChannelCollectionViewCell.swift in Sources */,
				B886F24C2BE146400011567B /* HomeViewHeaderCell.swift in Sources */,
				B8A05C772BC7016000607CDA /* LoginViewController.swift in Sources */,
				B87E7EF62BED46D4002D795D /* MovieService.swift in Sources */,
				B886F2602BE14D350011567B /* className.swift in Sources */,
				B87E7EE12BED2B91002D795D /* WeeklyBoxOfficeView.swift in Sources */,
				B8412DAA2C123B4D004383DB /* LoginViewModel.swift in Sources */,
				B87E7EE52BED4090002D795D /* WeeklyBoxOfficeCollectionViewCell.swift in Sources */,
				B80A766E2C0A3B8300320BED /* LoginView.swift in Sources */,
				B87E7EF92BED53EA002D795D /* WeeklyBoxOfficeViewController.swift in Sources */,
				B886F2482BE1463C0011567B /* MainCollectionViewCell.swift in Sources */,
				B8A5888B2BCA6E6F00E2D7B0 /* WelcomeViewController.swift in Sources */,
				B84D58E42C120B0C009FC91A /* WelcomeView.swift in Sources */,
				B8A05C672BC700D500607CDA /* ViewController.swift in Sources */,
				B8A05C632BC700D500607CDA /* AppDelegate.swift in Sources */,
				B886F24F2BE146470011567B /* HomeView.swift in Sources */,
				B80A76702C0AD28000320BED /* MakeNicknameModalViewController.swift in Sources */,
				B87E7EF22BED43A3002D795D /* MovieInfoRequestModel.swift in Sources */,
				B886F2522BE1464C0011567B /* HomeModel.swift in Sources */,
				B863C44A2C0EC57F003DEE75 /* MakeNicknameView.swift in Sources */,
				B8A05C652BC700D500607CDA /* SceneDelegate.swift in Sources */,
				B886F2502BE146470011567B /* LogoView.swift in Sources */,
				B87E7EED2BED41E1002D795D /* Config.swift in Sources */,
				B84D58E92C1210EB009FC91A /* UIView+.swift in Sources */,
				B886F24A2BE1463C0011567B /* RecommandCollectionViewCell.swift in Sources */,
				B87E7EF02BED4388002D795D /* MovieInfoResponseModel.swift in Sources */,
				B87E7EF42BED46BB002D795D /* AddTargetType.swift in Sources */,
				B87E7EEB2BED41CC002D795D /* NetworkResult.swift in Sources */,
			);
			runOnlyForDeploymentPostprocessing = 0;
		};
/* End PBXSourcesBuildPhase section */

/* Begin PBXVariantGroup section */
		B8A05C682BC700D500607CDA /* Main.storyboard */ = {
			isa = PBXVariantGroup;
			children = (
				B8A05C692BC700D500607CDA /* Base */,
			);
			name = Main.storyboard;
			sourceTree = "<group>";
		};
		B8A05C6D2BC700D600607CDA /* LaunchScreen.storyboard */ = {
			isa = PBXVariantGroup;
			children = (
				B8A05C6E2BC700D600607CDA /* Base */,
			);
			name = LaunchScreen.storyboard;
			sourceTree = "<group>";
		};
/* End PBXVariantGroup section */

/* Begin XCBuildConfiguration section */
		B8A05C712BC700D600607CDA /* Debug */ = {
			isa = XCBuildConfiguration;
			buildSettings = {
				ALWAYS_SEARCH_USER_PATHS = NO;
				ASSETCATALOG_COMPILER_GENERATE_SWIFT_ASSET_SYMBOL_EXTENSIONS = YES;
				CLANG_ANALYZER_NONNULL = YES;
				CLANG_ANALYZER_NUMBER_OBJECT_CONVERSION = YES_AGGRESSIVE;
				CLANG_CXX_LANGUAGE_STANDARD = "gnu++20";
				CLANG_ENABLE_MODULES = YES;
				CLANG_ENABLE_OBJC_ARC = YES;
				CLANG_ENABLE_OBJC_WEAK = YES;
				CLANG_WARN_BLOCK_CAPTURE_AUTORELEASING = YES;
				CLANG_WARN_BOOL_CONVERSION = YES;
				CLANG_WARN_COMMA = YES;
				CLANG_WARN_CONSTANT_CONVERSION = YES;
				CLANG_WARN_DEPRECATED_OBJC_IMPLEMENTATIONS = YES;
				CLANG_WARN_DIRECT_OBJC_ISA_USAGE = YES_ERROR;
				CLANG_WARN_DOCUMENTATION_COMMENTS = YES;
				CLANG_WARN_EMPTY_BODY = YES;
				CLANG_WARN_ENUM_CONVERSION = YES;
				CLANG_WARN_INFINITE_RECURSION = YES;
				CLANG_WARN_INT_CONVERSION = YES;
				CLANG_WARN_NON_LITERAL_NULL_CONVERSION = YES;
				CLANG_WARN_OBJC_IMPLICIT_RETAIN_SELF = YES;
				CLANG_WARN_OBJC_LITERAL_CONVERSION = YES;
				CLANG_WARN_OBJC_ROOT_CLASS = YES_ERROR;
				CLANG_WARN_QUOTED_INCLUDE_IN_FRAMEWORK_HEADER = YES;
				CLANG_WARN_RANGE_LOOP_ANALYSIS = YES;
				CLANG_WARN_STRICT_PROTOTYPES = YES;
				CLANG_WARN_SUSPICIOUS_MOVE = YES;
				CLANG_WARN_UNGUARDED_AVAILABILITY = YES_AGGRESSIVE;
				CLANG_WARN_UNREACHABLE_CODE = YES;
				CLANG_WARN__DUPLICATE_METHOD_MATCH = YES;
				COPY_PHASE_STRIP = NO;
				DEBUG_INFORMATION_FORMAT = dwarf;
				ENABLE_STRICT_OBJC_MSGSEND = YES;
				ENABLE_TESTABILITY = YES;
				ENABLE_USER_SCRIPT_SANDBOXING = YES;
				GCC_C_LANGUAGE_STANDARD = gnu17;
				GCC_DYNAMIC_NO_PIC = NO;
				GCC_NO_COMMON_BLOCKS = YES;
				GCC_OPTIMIZATION_LEVEL = 0;
				GCC_PREPROCESSOR_DEFINITIONS = (
					"DEBUG=1",
					"$(inherited)",
				);
				GCC_WARN_64_TO_32_BIT_CONVERSION = YES;
				GCC_WARN_ABOUT_RETURN_TYPE = YES_ERROR;
				GCC_WARN_UNDECLARED_SELECTOR = YES;
				GCC_WARN_UNINITIALIZED_AUTOS = YES_AGGRESSIVE;
				GCC_WARN_UNUSED_FUNCTION = YES;
				GCC_WARN_UNUSED_VARIABLE = YES;
				IPHONEOS_DEPLOYMENT_TARGET = 17.4;
				LOCALIZATION_PREFERS_STRING_CATALOGS = YES;
				MTL_ENABLE_DEBUG_INFO = INCLUDE_SOURCE;
				MTL_FAST_MATH = YES;
				ONLY_ACTIVE_ARCH = YES;
				SDKROOT = iphoneos;
				SWIFT_ACTIVE_COMPILATION_CONDITIONS = "DEBUG $(inherited)";
				SWIFT_OPTIMIZATION_LEVEL = "-Onone";
			};
			name = Debug;
		};
		B8A05C722BC700D600607CDA /* Release */ = {
			isa = XCBuildConfiguration;
			buildSettings = {
				ALWAYS_SEARCH_USER_PATHS = NO;
				ASSETCATALOG_COMPILER_GENERATE_SWIFT_ASSET_SYMBOL_EXTENSIONS = YES;
				CLANG_ANALYZER_NONNULL = YES;
				CLANG_ANALYZER_NUMBER_OBJECT_CONVERSION = YES_AGGRESSIVE;
				CLANG_CXX_LANGUAGE_STANDARD = "gnu++20";
				CLANG_ENABLE_MODULES = YES;
				CLANG_ENABLE_OBJC_ARC = YES;
				CLANG_ENABLE_OBJC_WEAK = YES;
				CLANG_WARN_BLOCK_CAPTURE_AUTORELEASING = YES;
				CLANG_WARN_BOOL_CONVERSION = YES;
				CLANG_WARN_COMMA = YES;
				CLANG_WARN_CONSTANT_CONVERSION = YES;
				CLANG_WARN_DEPRECATED_OBJC_IMPLEMENTATIONS = YES;
				CLANG_WARN_DIRECT_OBJC_ISA_USAGE = YES_ERROR;
				CLANG_WARN_DOCUMENTATION_COMMENTS = YES;
				CLANG_WARN_EMPTY_BODY = YES;
				CLANG_WARN_ENUM_CONVERSION = YES;
				CLANG_WARN_INFINITE_RECURSION = YES;
				CLANG_WARN_INT_CONVERSION = YES;
				CLANG_WARN_NON_LITERAL_NULL_CONVERSION = YES;
				CLANG_WARN_OBJC_IMPLICIT_RETAIN_SELF = YES;
				CLANG_WARN_OBJC_LITERAL_CONVERSION = YES;
				CLANG_WARN_OBJC_ROOT_CLASS = YES_ERROR;
				CLANG_WARN_QUOTED_INCLUDE_IN_FRAMEWORK_HEADER = YES;
				CLANG_WARN_RANGE_LOOP_ANALYSIS = YES;
				CLANG_WARN_STRICT_PROTOTYPES = YES;
				CLANG_WARN_SUSPICIOUS_MOVE = YES;
				CLANG_WARN_UNGUARDED_AVAILABILITY = YES_AGGRESSIVE;
				CLANG_WARN_UNREACHABLE_CODE = YES;
				CLANG_WARN__DUPLICATE_METHOD_MATCH = YES;
				COPY_PHASE_STRIP = NO;
				DEBUG_INFORMATION_FORMAT = "dwarf-with-dsym";
				ENABLE_NS_ASSERTIONS = NO;
				ENABLE_STRICT_OBJC_MSGSEND = YES;
				ENABLE_USER_SCRIPT_SANDBOXING = YES;
				GCC_C_LANGUAGE_STANDARD = gnu17;
				GCC_NO_COMMON_BLOCKS = YES;
				GCC_WARN_64_TO_32_BIT_CONVERSION = YES;
				GCC_WARN_ABOUT_RETURN_TYPE = YES_ERROR;
				GCC_WARN_UNDECLARED_SELECTOR = YES;
				GCC_WARN_UNINITIALIZED_AUTOS = YES_AGGRESSIVE;
				GCC_WARN_UNUSED_FUNCTION = YES;
				GCC_WARN_UNUSED_VARIABLE = YES;
				IPHONEOS_DEPLOYMENT_TARGET = 17.4;
				LOCALIZATION_PREFERS_STRING_CATALOGS = YES;
				MTL_ENABLE_DEBUG_INFO = NO;
				MTL_FAST_MATH = YES;
				SDKROOT = iphoneos;
				SWIFT_COMPILATION_MODE = wholemodule;
				VALIDATE_PRODUCT = YES;
			};
			name = Release;
		};
		B8A05C742BC700D600607CDA /* Debug */ = {
			isa = XCBuildConfiguration;
			buildSettings = {
				ASSETCATALOG_COMPILER_APPICON_NAME = AppIcon;
				ASSETCATALOG_COMPILER_GLOBAL_ACCENT_COLOR_NAME = AccentColor;
				BASE_URL = "http://www.kobis.or.kr/kobisopenapi/webservice/rest/boxoffice";
				CODE_SIGN_STYLE = Automatic;
				CURRENT_PROJECT_VERSION = 1;
				GENERATE_INFOPLIST_FILE = YES;
				INFOPLIST_FILE = "Sopt-Assignment/Info.plist";
				INFOPLIST_KEY_UIApplicationSupportsIndirectInputEvents = YES;
				INFOPLIST_KEY_UILaunchStoryboardName = LaunchScreen;
				INFOPLIST_KEY_UIMainStoryboardFile = Main;
				INFOPLIST_KEY_UISupportedInterfaceOrientations_iPad = "UIInterfaceOrientationPortrait UIInterfaceOrientationPortraitUpsideDown UIInterfaceOrientationLandscapeLeft UIInterfaceOrientationLandscapeRight";
				INFOPLIST_KEY_UISupportedInterfaceOrientations_iPhone = "UIInterfaceOrientationPortrait UIInterfaceOrientationLandscapeLeft UIInterfaceOrientationLandscapeRight";
				LD_RUNPATH_SEARCH_PATHS = (
					"$(inherited)",
					"@executable_path/Frameworks",
				);
				MARKETING_VERSION = 1.0;
				PRODUCT_BUNDLE_IDENTIFIER = "com.minny.Week2-Assignment-Tving";
				PRODUCT_NAME = "$(TARGET_NAME)";
				SWIFT_EMIT_LOC_STRINGS = YES;
				SWIFT_VERSION = 5.0;
				TARGETED_DEVICE_FAMILY = "1,2";
			};
			name = Debug;
		};
		B8A05C752BC700D600607CDA /* Release */ = {
			isa = XCBuildConfiguration;
			buildSettings = {
				ASSETCATALOG_COMPILER_APPICON_NAME = AppIcon;
				ASSETCATALOG_COMPILER_GLOBAL_ACCENT_COLOR_NAME = AccentColor;
				BASE_URL = "http://www.kobis.or.kr/kobisopenapi/webservice/rest/boxoffice";
				CODE_SIGN_STYLE = Automatic;
				CURRENT_PROJECT_VERSION = 1;
				GENERATE_INFOPLIST_FILE = YES;
				INFOPLIST_FILE = "Sopt-Assignment/Info.plist";
				INFOPLIST_KEY_UIApplicationSupportsIndirectInputEvents = YES;
				INFOPLIST_KEY_UILaunchStoryboardName = LaunchScreen;
				INFOPLIST_KEY_UIMainStoryboardFile = Main;
				INFOPLIST_KEY_UISupportedInterfaceOrientations_iPad = "UIInterfaceOrientationPortrait UIInterfaceOrientationPortraitUpsideDown UIInterfaceOrientationLandscapeLeft UIInterfaceOrientationLandscapeRight";
				INFOPLIST_KEY_UISupportedInterfaceOrientations_iPhone = "UIInterfaceOrientationPortrait UIInterfaceOrientationLandscapeLeft UIInterfaceOrientationLandscapeRight";
				LD_RUNPATH_SEARCH_PATHS = (
					"$(inherited)",
					"@executable_path/Frameworks",
				);
				MARKETING_VERSION = 1.0;
				PRODUCT_BUNDLE_IDENTIFIER = "com.minny.Week2-Assignment-Tving";
				PRODUCT_NAME = "$(TARGET_NAME)";
				SWIFT_EMIT_LOC_STRINGS = YES;
				SWIFT_VERSION = 5.0;
				TARGETED_DEVICE_FAMILY = "1,2";
			};
			name = Release;
		};
/* End XCBuildConfiguration section */

/* Begin XCConfigurationList section */
		B8A05C5A2BC700D500607CDA /* Build configuration list for PBXProject "SOPT-Assignment-Tving" */ = {
			isa = XCConfigurationList;
			buildConfigurations = (
				B8A05C712BC700D600607CDA /* Debug */,
				B8A05C722BC700D600607CDA /* Release */,
			);
			defaultConfigurationIsVisible = 0;
			defaultConfigurationName = Release;
		};
		B8A05C732BC700D600607CDA /* Build configuration list for PBXNativeTarget "SOPT-Assignment-Tving" */ = {
			isa = XCConfigurationList;
			buildConfigurations = (
				B8A05C742BC700D600607CDA /* Debug */,
				B8A05C752BC700D600607CDA /* Release */,
			);
			defaultConfigurationIsVisible = 0;
			defaultConfigurationName = Release;
		};
/* End XCConfigurationList section */

/* Begin XCRemoteSwiftPackageReference section */
		B886F2592BE146F80011567B /* XCRemoteSwiftPackageReference "Then" */ = {
			isa = XCRemoteSwiftPackageReference;
			repositoryURL = "https://github.com/devxoul/Then.git";
			requirement = {
				kind = upToNextMajorVersion;
				minimumVersion = 3.0.0;
			};
		};
		B886F25C2BE1470D0011567B /* XCRemoteSwiftPackageReference "Moya" */ = {
			isa = XCRemoteSwiftPackageReference;
			repositoryURL = "https://github.com/Moya/Moya";
			requirement = {
				kind = upToNextMajorVersion;
				minimumVersion = 15.0.3;
			};
		};
		B8A05C782BC706E200607CDA /* XCRemoteSwiftPackageReference "SnapKit" */ = {
			isa = XCRemoteSwiftPackageReference;
			repositoryURL = "https://github.com/SnapKit/SnapKit";
			requirement = {
				kind = upToNextMajorVersion;
				minimumVersion = 5.7.1;
			};
		};
/* End XCRemoteSwiftPackageReference section */

/* Begin XCSwiftPackageProductDependency section */
		B886F25A2BE146F80011567B /* Then */ = {
			isa = XCSwiftPackageProductDependency;
			package = B886F2592BE146F80011567B /* XCRemoteSwiftPackageReference "Then" */;
			productName = Then;
		};
		B886F25D2BE1470D0011567B /* Moya */ = {
			isa = XCSwiftPackageProductDependency;
			package = B886F25C2BE1470D0011567B /* XCRemoteSwiftPackageReference "Moya" */;
			productName = Moya;
		};
		B8A05C792BC706E200607CDA /* SnapKit */ = {
			isa = XCSwiftPackageProductDependency;
			package = B8A05C782BC706E200607CDA /* XCRemoteSwiftPackageReference "SnapKit" */;
			productName = SnapKit;
		};
		B8A05C7B2BC706E200607CDA /* SnapKit-Dynamic */ = {
			isa = XCSwiftPackageProductDependency;
			package = B8A05C782BC706E200607CDA /* XCRemoteSwiftPackageReference "SnapKit" */;
			productName = "SnapKit-Dynamic";
		};
/* End XCSwiftPackageProductDependency section */
	};
	rootObject = B8A05C572BC700D500607CDA /* Project object */;
}
